// !$*UTF8*$!
{
	archiveVersion = 1;
	classes = {
	};
	objectVersion = 56;
	objects = {

/* Begin PBXBuildFile section */
		CA3B896129EBA1EA00B1F448 /* SwiftUiBullseyeApp.swift in Sources */ = {isa = PBXBuildFile; fileRef = CA3B896029EBA1EA00B1F448 /* SwiftUiBullseyeApp.swift */; };
		CA3B896329EBA1EA00B1F448 /* ContentView.swift in Sources */ = {isa = PBXBuildFile; fileRef = CA3B896229EBA1EA00B1F448 /* ContentView.swift */; };
		CA3B896529EBA1EB00B1F448 /* Assets.xcassets in Resources */ = {isa = PBXBuildFile; fileRef = CA3B896429EBA1EB00B1F448 /* Assets.xcassets */; };
		CA3B896829EBA1EB00B1F448 /* Preview Assets.xcassets in Resources */ = {isa = PBXBuildFile; fileRef = CA3B896729EBA1EB00B1F448 /* Preview Assets.xcassets */; };
		CA3B897329EBB20300B1F448 /* Game.swift in Sources */ = {isa = PBXBuildFile; fileRef = CA3B897229EBB20300B1F448 /* Game.swift */; };
		CA3B897B29EBB58000B1F448 /* SwiftUiBullseyeTests.swift in Sources */ = {isa = PBXBuildFile; fileRef = CA3B897A29EBB58000B1F448 /* SwiftUiBullseyeTests.swift */; };
/* End PBXBuildFile section */

/* Begin PBXContainerItemProxy section */
		CA3B897C29EBB58000B1F448 /* PBXContainerItemProxy */ = {
			isa = PBXContainerItemProxy;
			containerPortal = CA3B895529EBA1EA00B1F448 /* Project object */;
			proxyType = 1;
			remoteGlobalIDString = CA3B895C29EBA1EA00B1F448;
			remoteInfo = SwiftUiBullseye;
		};
/* End PBXContainerItemProxy section */

/* Begin PBXFileReference section */
		CA3B895D29EBA1EA00B1F448 /* SwiftUiBullseye.app */ = {isa = PBXFileReference; explicitFileType = wrapper.application; includeInIndex = 0; path = SwiftUiBullseye.app; sourceTree = BUILT_PRODUCTS_DIR; };
		CA3B896029EBA1EA00B1F448 /* SwiftUiBullseyeApp.swift */ = {isa = PBXFileReference; lastKnownFileType = sourcecode.swift; path = SwiftUiBullseyeApp.swift; sourceTree = "<group>"; };
		CA3B896229EBA1EA00B1F448 /* ContentView.swift */ = {isa = PBXFileReference; lastKnownFileType = sourcecode.swift; path = ContentView.swift; sourceTree = "<group>"; };
		CA3B896429EBA1EB00B1F448 /* Assets.xcassets */ = {isa = PBXFileReference; lastKnownFileType = folder.assetcatalog; path = Assets.xcassets; sourceTree = "<group>"; };
		CA3B896729EBA1EB00B1F448 /* Preview Assets.xcassets */ = {isa = PBXFileReference; lastKnownFileType = folder.assetcatalog; path = "Preview Assets.xcassets"; sourceTree = "<group>"; };
		CA3B897229EBB20300B1F448 /* Game.swift */ = {isa = PBXFileReference; lastKnownFileType = sourcecode.swift; path = Game.swift; sourceTree = "<group>"; };
		CA3B897829EBB58000B1F448 /* SwiftUiBullseyeTests.xctest */ = {isa = PBXFileReference; explicitFileType = wrapper.cfbundle; includeInIndex = 0; path = SwiftUiBullseyeTests.xctest; sourceTree = BUILT_PRODUCTS_DIR; };
		CA3B897A29EBB58000B1F448 /* SwiftUiBullseyeTests.swift */ = {isa = PBXFileReference; lastKnownFileType = sourcecode.swift; path = SwiftUiBullseyeTests.swift; sourceTree = "<group>"; };
/* End PBXFileReference section */

/* Begin PBXFrameworksBuildPhase section */
		CA3B895A29EBA1EA00B1F448 /* Frameworks */ = {
			isa = PBXFrameworksBuildPhase;
			buildActionMask = 2147483647;
			files = (
			);
			runOnlyForDeploymentPostprocessing = 0;
		};
		CA3B897529EBB58000B1F448 /* Frameworks */ = {
			isa = PBXFrameworksBuildPhase;
			buildActionMask = 2147483647;
			files = (
			);
			runOnlyForDeploymentPostprocessing = 0;
		};
/* End PBXFrameworksBuildPhase section */

/* Begin PBXGroup section */
		CA3B895429EBA1EA00B1F448 = {
			isa = PBXGroup;
			children = (
				CA3B895F29EBA1EA00B1F448 /* SwiftUiBullseye */,
				CA3B897929EBB58000B1F448 /* SwiftUiBullseyeTests */,
				CA3B895E29EBA1EA00B1F448 /* Products */,
			);
			sourceTree = "<group>";
		};
		CA3B895E29EBA1EA00B1F448 /* Products */ = {
			isa = PBXGroup;
			children = (
				CA3B895D29EBA1EA00B1F448 /* SwiftUiBullseye.app */,
				CA3B897829EBB58000B1F448 /* SwiftUiBullseyeTests.xctest */,
			);
			name = Products;
			sourceTree = "<group>";
		};
		CA3B895F29EBA1EA00B1F448 /* SwiftUiBullseye */ = {
			isa = PBXGroup;
			children = (
				CA3B897029EBB1B700B1F448 /* Views */,
				CA3B897129EBB1C800B1F448 /* App */,
				CA3B896E29EBB18A00B1F448 /* Models */,
				CA3B896629EBA1EB00B1F448 /* Preview Content */,
			);
			path = SwiftUiBullseye;
			sourceTree = "<group>";
		};
		CA3B896629EBA1EB00B1F448 /* Preview Content */ = {
			isa = PBXGroup;
			children = (
				CA3B896729EBA1EB00B1F448 /* Preview Assets.xcassets */,
			);
			path = "Preview Content";
			sourceTree = "<group>";
		};
		CA3B896E29EBB18A00B1F448 /* Models */ = {
			isa = PBXGroup;
			children = (
				CA3B897229EBB20300B1F448 /* Game.swift */,
			);
			path = Models;
			sourceTree = "<group>";
		};
		CA3B897029EBB1B700B1F448 /* Views */ = {
			isa = PBXGroup;
			children = (
				CA3B896229EBA1EA00B1F448 /* ContentView.swift */,
			);
			path = Views;
			sourceTree = "<group>";
		};
		CA3B897129EBB1C800B1F448 /* App */ = {
			isa = PBXGroup;
			children = (
				CA3B896029EBA1EA00B1F448 /* SwiftUiBullseyeApp.swift */,
				CA3B896429EBA1EB00B1F448 /* Assets.xcassets */,
			);
			path = App;
			sourceTree = "<group>";
		};
		CA3B897929EBB58000B1F448 /* SwiftUiBullseyeTests */ = {
			isa = PBXGroup;
			children = (
				CA3B897A29EBB58000B1F448 /* SwiftUiBullseyeTests.swift */,
			);
			path = SwiftUiBullseyeTests;
			sourceTree = "<group>";
		};
/* End PBXGroup section */

/* Begin PBXNativeTarget section */
		CA3B895C29EBA1EA00B1F448 /* SwiftUiBullseye */ = {
			isa = PBXNativeTarget;
			buildConfigurationList = CA3B896B29EBA1EB00B1F448 /* Build configuration list for PBXNativeTarget "SwiftUiBullseye" */;
			buildPhases = (
				CA3B895929EBA1EA00B1F448 /* Sources */,
				CA3B895A29EBA1EA00B1F448 /* Frameworks */,
				CA3B895B29EBA1EA00B1F448 /* Resources */,
			);
			buildRules = (
			);
			dependencies = (
			);
			name = SwiftUiBullseye;
			productName = SwiftUiBullseye;
			productReference = CA3B895D29EBA1EA00B1F448 /* SwiftUiBullseye.app */;
			productType = "com.apple.product-type.application";
		};
		CA3B897729EBB58000B1F448 /* SwiftUiBullseyeTests */ = {
			isa = PBXNativeTarget;
			buildConfigurationList = CA3B897E29EBB58000B1F448 /* Build configuration list for PBXNativeTarget "SwiftUiBullseyeTests" */;
			buildPhases = (
				CA3B897429EBB58000B1F448 /* Sources */,
				CA3B897529EBB58000B1F448 /* Frameworks */,
				CA3B897629EBB58000B1F448 /* Resources */,
			);
			buildRules = (
			);
			dependencies = (
				CA3B897D29EBB58000B1F448 /* PBXTargetDependency */,
			);
			name = SwiftUiBullseyeTests;
			productName = SwiftUiBullseyeTests;
			productReference = CA3B897829EBB58000B1F448 /* SwiftUiBullseyeTests.xctest */;
			productType = "com.apple.product-type.bundle.unit-test";
		};
/* End PBXNativeTarget section */

/* Begin PBXProject section */
		CA3B895529EBA1EA00B1F448 /* Project object */ = {
			isa = PBXProject;
			attributes = {
				BuildIndependentTargetsInParallel = 1;
				LastSwiftUpdateCheck = 1430;
				LastUpgradeCheck = 1430;
				TargetAttributes = {
					CA3B895C29EBA1EA00B1F448 = {
						CreatedOnToolsVersion = 14.3;
					};
					CA3B897729EBB58000B1F448 = {
						CreatedOnToolsVersion = 14.3;
						TestTargetID = CA3B895C29EBA1EA00B1F448;
					};
				};
			};
			buildConfigurationList = CA3B895829EBA1EA00B1F448 /* Build configuration list for PBXProject "SwiftUiBullseye" */;
			compatibilityVersion = "Xcode 14.0";
			developmentRegion = en;
			hasScannedForEncodings = 0;
			knownRegions = (
				en,
				Base,
			);
			mainGroup = CA3B895429EBA1EA00B1F448;
			productRefGroup = CA3B895E29EBA1EA00B1F448 /* Products */;
			projectDirPath = "";
			projectRoot = "";
			targets = (
				CA3B895C29EBA1EA00B1F448 /* SwiftUiBullseye */,
				CA3B897729EBB58000B1F448 /* SwiftUiBullseyeTests */,
			);
		};
/* End PBXProject section */

/* Begin PBXResourcesBuildPhase section */
		CA3B895B29EBA1EA00B1F448 /* Resources */ = {
			isa = PBXResourcesBuildPhase;
			buildActionMask = 2147483647;
			files = (
				CA3B896829EBA1EB00B1F448 /* Preview Assets.xcassets in Resources */,
				CA3B896529EBA1EB00B1F448 /* Assets.xcassets in Resources */,
			);
			runOnlyForDeploymentPostprocessing = 0;
		};
		CA3B897629EBB58000B1F448 /* Resources */ = {
			isa = PBXResourcesBuildPhase;
			buildActionMask = 2147483647;
			files = (
			);
			runOnlyForDeploymentPostprocessing = 0;
		};
/* End PBXResourcesBuildPhase section */

/* Begin PBXSourcesBuildPhase section */
		CA3B895929EBA1EA00B1F448 /* Sources */ = {
			isa = PBXSourcesBuildPhase;
			buildActionMask = 2147483647;
			files = (
				CA3B896329EBA1EA00B1F448 /* ContentView.swift in Sources */,
				CA3B897329EBB20300B1F448 /* Game.swift in Sources */,
				CA3B896129EBA1EA00B1F448 /* SwiftUiBullseyeApp.swift in Sources */,
			);
			runOnlyForDeploymentPostprocessing = 0;
		};
		CA3B897429EBB58000B1F448 /* Sources */ = {
			isa = PBXSourcesBuildPhase;
			buildActionMask = 2147483647;
			files = (
				CA3B897B29EBB58000B1F448 /* SwiftUiBullseyeTests.swift in Sources */,
			);
			runOnlyForDeploymentPostprocessing = 0;
		};
/* End PBXSourcesBuildPhase section */

/* Begin PBXTargetDependency section */
		CA3B897D29EBB58000B1F448 /* PBXTargetDependency */ = {
			isa = PBXTargetDependency;
			target = CA3B895C29EBA1EA00B1F448 /* SwiftUiBullseye */;
			targetProxy = CA3B897C29EBB58000B1F448 /* PBXContainerItemProxy */;
		};
/* End PBXTargetDependency section */

/* Begin XCBuildConfiguration section */
		CA3B896929EBA1EB00B1F448 /* Debug */ = {
			isa = XCBuildConfiguration;
			buildSettings = {
				ALWAYS_SEARCH_USER_PATHS = NO;
				CLANG_ANALYZER_NONNULL = YES;
				CLANG_ANALYZER_NUMBER_OBJECT_CONVERSION = YES_AGGRESSIVE;
				CLANG_CXX_LANGUAGE_STANDARD = "gnu++20";
				CLANG_ENABLE_MODULES = YES;
				CLANG_ENABLE_OBJC_ARC = YES;
				CLANG_ENABLE_OBJC_WEAK = YES;
				CLANG_WARN_BLOCK_CAPTURE_AUTORELEASING = YES;
				CLANG_WARN_BOOL_CONVERSION = YES;
				CLANG_WARN_COMMA = YES;
				CLANG_WARN_CONSTANT_CONVERSION = YES;
				CLANG_WARN_DEPRECATED_OBJC_IMPLEMENTATIONS = YES;
				CLANG_WARN_DIRECT_OBJC_ISA_USAGE = YES_ERROR;
				CLANG_WARN_DOCUMENTATION_COMMENTS = YES;
				CLANG_WARN_EMPTY_BODY = YES;
				CLANG_WARN_ENUM_CONVERSION = YES;
				CLANG_WARN_INFINITE_RECURSION = YES;
				CLANG_WARN_INT_CONVERSION = YES;
				CLANG_WARN_NON_LITERAL_NULL_CONVERSION = YES;
				CLANG_WARN_OBJC_IMPLICIT_RETAIN_SELF = YES;
				CLANG_WARN_OBJC_LITERAL_CONVERSION = YES;
				CLANG_WARN_OBJC_ROOT_CLASS = YES_ERROR;
				CLANG_WARN_QUOTED_INCLUDE_IN_FRAMEWORK_HEADER = YES;
				CLANG_WARN_RANGE_LOOP_ANALYSIS = YES;
				CLANG_WARN_STRICT_PROTOTYPES = YES;
				CLANG_WARN_SUSPICIOUS_MOVE = YES;
				CLANG_WARN_UNGUARDED_AVAILABILITY = YES_AGGRESSIVE;
				CLANG_WARN_UNREACHABLE_CODE = YES;
				CLANG_WARN__DUPLICATE_METHOD_MATCH = YES;
				COPY_PHASE_STRIP = NO;
				DEBUG_INFORMATION_FORMAT = dwarf;
				ENABLE_STRICT_OBJC_MSGSEND = YES;
				ENABLE_TESTABILITY = YES;
				GCC_C_LANGUAGE_STANDARD = gnu11;
				GCC_DYNAMIC_NO_PIC = NO;
				GCC_NO_COMMON_BLOCKS = YES;
				GCC_OPTIMIZATION_LEVEL = 0;
				GCC_PREPROCESSOR_DEFINITIONS = (
					"DEBUG=1",
					"$(inherited)",
				);
				GCC_WARN_64_TO_32_BIT_CONVERSION = YES;
				GCC_WARN_ABOUT_RETURN_TYPE = YES_ERROR;
				GCC_WARN_UNDECLARED_SELECTOR = YES;
				GCC_WARN_UNINITIALIZED_AUTOS = YES_AGGRESSIVE;
				GCC_WARN_UNUSED_FUNCTION = YES;
				GCC_WARN_UNUSED_VARIABLE = YES;
				IPHONEOS_DEPLOYMENT_TARGET = 16.4;
				MTL_ENABLE_DEBUG_INFO = INCLUDE_SOURCE;
				MTL_FAST_MATH = YES;
				ONLY_ACTIVE_ARCH = YES;
				SDKROOT = iphoneos;
				SWIFT_ACTIVE_COMPILATION_CONDITIONS = DEBUG;
				SWIFT_OPTIMIZATION_LEVEL = "-Onone";
			};
			name = Debug;
		};
		CA3B896A29EBA1EB00B1F448 /* Release */ = {
			isa = XCBuildConfiguration;
			buildSettings = {
				ALWAYS_SEARCH_USER_PATHS = NO;
				CLANG_ANALYZER_NONNULL = YES;
				CLANG_ANALYZER_NUMBER_OBJECT_CONVERSION = YES_AGGRESSIVE;
				CLANG_CXX_LANGUAGE_STANDARD = "gnu++20";
				CLANG_ENABLE_MODULES = YES;
				CLANG_ENABLE_OBJC_ARC = YES;
				CLANG_ENABLE_OBJC_WEAK = YES;
				CLANG_WARN_BLOCK_CAPTURE_AUTORELEASING = YES;
				CLANG_WARN_BOOL_CONVERSION = YES;
				CLANG_WARN_COMMA = YES;
				CLANG_WARN_CONSTANT_CONVERSION = YES;
				CLANG_WARN_DEPRECATED_OBJC_IMPLEMENTATIONS = YES;
				CLANG_WARN_DIRECT_OBJC_ISA_USAGE = YES_ERROR;
				CLANG_WARN_DOCUMENTATION_COMMENTS = YES;
				CLANG_WARN_EMPTY_BODY = YES;
				CLANG_WARN_ENUM_CONVERSION = YES;
				CLANG_WARN_INFINITE_RECURSION = YES;
				CLANG_WARN_INT_CONVERSION = YES;
				CLANG_WARN_NON_LITERAL_NULL_CONVERSION = YES;
				CLANG_WARN_OBJC_IMPLICIT_RETAIN_SELF = YES;
				CLANG_WARN_OBJC_LITERAL_CONVERSION = YES;
				CLANG_WARN_OBJC_ROOT_CLASS = YES_ERROR;
				CLANG_WARN_QUOTED_INCLUDE_IN_FRAMEWORK_HEADER = YES;
				CLANG_WARN_RANGE_LOOP_ANALYSIS = YES;
				CLANG_WARN_STRICT_PROTOTYPES = YES;
				CLANG_WARN_SUSPICIOUS_MOVE = YES;
				CLANG_WARN_UNGUARDED_AVAILABILITY = YES_AGGRESSIVE;
				CLANG_WARN_UNREACHABLE_CODE = YES;
				CLANG_WARN__DUPLICATE_METHOD_MATCH = YES;
				COPY_PHASE_STRIP = NO;
				DEBUG_INFORMATION_FORMAT = "dwarf-with-dsym";
				ENABLE_NS_ASSERTIONS = NO;
				ENABLE_STRICT_OBJC_MSGSEND = YES;
				GCC_C_LANGUAGE_STANDARD = gnu11;
				GCC_NO_COMMON_BLOCKS = YES;
				GCC_WARN_64_TO_32_BIT_CONVERSION = YES;
				GCC_WARN_ABOUT_RETURN_TYPE = YES_ERROR;
				GCC_WARN_UNDECLARED_SELECTOR = YES;
				GCC_WARN_UNINITIALIZED_AUTOS = YES_AGGRESSIVE;
				GCC_WARN_UNUSED_FUNCTION = YES;
				GCC_WARN_UNUSED_VARIABLE = YES;
				IPHONEOS_DEPLOYMENT_TARGET = 16.4;
				MTL_ENABLE_DEBUG_INFO = NO;
				MTL_FAST_MATH = YES;
				SDKROOT = iphoneos;
				SWIFT_COMPILATION_MODE = wholemodule;
				SWIFT_OPTIMIZATION_LEVEL = "-O";
				VALIDATE_PRODUCT = YES;
			};
			name = Release;
		};
		CA3B896C29EBA1EB00B1F448 /* Debug */ = {
			isa = XCBuildConfiguration;
			buildSettings = {
				ASSETCATALOG_COMPILER_APPICON_NAME = AppIcon;
				ASSETCATALOG_COMPILER_GLOBAL_ACCENT_COLOR_NAME = AccentColor;
				CODE_SIGN_STYLE = Automatic;
				CURRENT_PROJECT_VERSION = 1;
				DEVELOPMENT_ASSET_PATHS = "\"SwiftUiBullseye/Preview Content\"";
				DEVELOPMENT_TEAM = LTW8V26RS8;
				ENABLE_PREVIEWS = YES;
				GENERATE_INFOPLIST_FILE = YES;
				INFOPLIST_KEY_UIApplicationSceneManifest_Generation = YES;
				INFOPLIST_KEY_UIApplicationSupportsIndirectInputEvents = YES;
				INFOPLIST_KEY_UILaunchScreen_Generation = YES;
				INFOPLIST_KEY_UISupportedInterfaceOrientations_iPad = "UIInterfaceOrientationPortrait UIInterfaceOrientationPortraitUpsideDown UIInterfaceOrientationLandscapeLeft UIInterfaceOrientationLandscapeRight";
				INFOPLIST_KEY_UISupportedInterfaceOrientations_iPhone = "UIInterfaceOrientationPortrait UIInterfaceOrientationLandscapeLeft UIInterfaceOrientationLandscapeRight";
				LD_RUNPATH_SEARCH_PATHS = (
					"$(inherited)",
					"@executable_path/Frameworks",
				);
				MARKETING_VERSION = 1.0;
				PRODUCT_BUNDLE_IDENTIFIER = "tauantcamargo-lukyhenson.SwiftUiBullseye";
				PRODUCT_NAME = "$(TARGET_NAME)";
				SWIFT_EMIT_LOC_STRINGS = YES;
				SWIFT_VERSION = 5.0;
				TARGETED_DEVICE_FAMILY = "1,2";
			};
			name = Debug;
		};
		CA3B896D29EBA1EB00B1F448 /* Release */ = {
			isa = XCBuildConfiguration;
			buildSettings = {
				ASSETCATALOG_COMPILER_APPICON_NAME = AppIcon;
				ASSETCATALOG_COMPILER_GLOBAL_ACCENT_COLOR_NAME = AccentColor;
				CODE_SIGN_STYLE = Automatic;
				CURRENT_PROJECT_VERSION = 1;
				DEVELOPMENT_ASSET_PATHS = "\"SwiftUiBullseye/Preview Content\"";
				DEVELOPMENT_TEAM = LTW8V26RS8;
				ENABLE_PREVIEWS = YES;
				GENERATE_INFOPLIST_FILE = YES;
				INFOPLIST_KEY_UIApplicationSceneManifest_Generation = YES;
				INFOPLIST_KEY_UIApplicationSupportsIndirectInputEvents = YES;
				INFOPLIST_KEY_UILaunchScreen_Generation = YES;
				INFOPLIST_KEY_UISupportedInterfaceOrientations_iPad = "UIInterfaceOrientationPortrait UIInterfaceOrientationPortraitUpsideDown UIInterfaceOrientationLandscapeLeft UIInterfaceOrientationLandscapeRight";
				INFOPLIST_KEY_UISupportedInterfaceOrientations_iPhone = "UIInterfaceOrientationPortrait UIInterfaceOrientationLandscapeLeft UIInterfaceOrientationLandscapeRight";
				LD_RUNPATH_SEARCH_PATHS = (
					"$(inherited)",
					"@executable_path/Frameworks",
				);
				MARKETING_VERSION = 1.0;
				PRODUCT_BUNDLE_IDENTIFIER = "tauantcamargo-lukyhenson.SwiftUiBullseye";
				PRODUCT_NAME = "$(TARGET_NAME)";
				SWIFT_EMIT_LOC_STRINGS = YES;
				SWIFT_VERSION = 5.0;
				TARGETED_DEVICE_FAMILY = "1,2";
			};
			name = Release;
		};
		CA3B897F29EBB58000B1F448 /* Debug */ = {
			isa = XCBuildConfiguration;
			buildSettings = {
				BUNDLE_LOADER = "$(TEST_HOST)";
				CODE_SIGN_STYLE = Automatic;
				CURRENT_PROJECT_VERSION = 1;
				DEVELOPMENT_TEAM = LTW8V26RS8;
				GENERATE_INFOPLIST_FILE = YES;
				IPHONEOS_DEPLOYMENT_TARGET = 16.4;
				MACOSX_DEPLOYMENT_TARGET = 13.3;
				MARKETING_VERSION = 1.0;
				PRODUCT_BUNDLE_IDENTIFIER = "tauantcamargo-lukyhenson.SwiftUiBullseyeTests";
				PRODUCT_NAME = "$(TARGET_NAME)";
				SDKROOT = auto;
				SUPPORTED_PLATFORMS = "iphoneos iphonesimulator macosx";
				SWIFT_EMIT_LOC_STRINGS = NO;
				SWIFT_VERSION = 5.0;
				TARGETED_DEVICE_FAMILY = "1,2";
				TEST_HOST = "$(BUILT_PRODUCTS_DIR)/SwiftUiBullseye.app/$(BUNDLE_EXECUTABLE_FOLDER_PATH)/SwiftUiBullseye";
			};
			name = Debug;
		};
		CA3B898029EBB58000B1F448 /* Release */ = {
			isa = XCBuildConfiguration;
			buildSettings = {
				BUNDLE_LOADER = "$(TEST_HOST)";
				CODE_SIGN_STYLE = Automatic;
				CURRENT_PROJECT_VERSION = 1;
				DEVELOPMENT_TEAM = LTW8V26RS8;
				GENERATE_INFOPLIST_FILE = YES;
				IPHONEOS_DEPLOYMENT_TARGET = 16.4;
				MACOSX_DEPLOYMENT_TARGET = 13.3;
				MARKETING_VERSION = 1.0;
				PRODUCT_BUNDLE_IDENTIFIER = "tauantcamargo-lukyhenson.SwiftUiBullseyeTests";
				PRODUCT_NAME = "$(TARGET_NAME)";
				SDKROOT = auto;
				SUPPORTED_PLATFORMS = "iphoneos iphonesimulator macosx";
				SWIFT_EMIT_LOC_STRINGS = NO;
				SWIFT_VERSION = 5.0;
				TARGETED_DEVICE_FAMILY = "1,2";
				TEST_HOST = "$(BUILT_PRODUCTS_DIR)/SwiftUiBullseye.app/$(BUNDLE_EXECUTABLE_FOLDER_PATH)/SwiftUiBullseye";
			};
			name = Release;
		};
/* End XCBuildConfiguration section */

/* Begin XCConfigurationList section */
		CA3B895829EBA1EA00B1F448 /* Build configuration list for PBXProject "SwiftUiBullseye" */ = {
			isa = XCConfigurationList;
			buildConfigurations = (
				CA3B896929EBA1EB00B1F448 /* Debug */,
				CA3B896A29EBA1EB00B1F448 /* Release */,
			);
			defaultConfigurationIsVisible = 0;
			defaultConfigurationName = Release;
		};
		CA3B896B29EBA1EB00B1F448 /* Build configuration list for PBXNativeTarget "SwiftUiBullseye" */ = {
			isa = XCConfigurationList;
			buildConfigurations = (
				CA3B896C29EBA1EB00B1F448 /* Debug */,
				CA3B896D29EBA1EB00B1F448 /* Release */,
			);
			defaultConfigurationIsVisible = 0;
			defaultConfigurationName = Release;
		};
		CA3B897E29EBB58000B1F448 /* Build configuration list for PBXNativeTarget "SwiftUiBullseyeTests" */ = {
			isa = XCConfigurationList;
			buildConfigurations = (
				CA3B897F29EBB58000B1F448 /* Debug */,
				CA3B898029EBB58000B1F448 /* Release */,
			);
			defaultConfigurationIsVisible = 0;
			defaultConfigurationName = Release;
		};
/* End XCConfigurationList section */
	};
	rootObject = CA3B895529EBA1EA00B1F448 /* Project object */;
}
